{
  "lockfileVersion": 1,
  "workspaces": {
    "": {
      "name": "nlib-api",
      "dependencies": {
        "@hono/node-server": "^1.19.5",
        "hono": "^4.9.10",
      },
    },
  },
  "packages": {
    "@hono/node-server": ["@hono/node-server@1.19.5", "", { "peerDependencies": { "hono": "^4" } }, "sha512-iBuhh+uaaggeAuf+TftcjZyWh2GEgZcVGXkNtskLVoWaXhnJtC5HLHrU8W1KHDoucqO1MswwglmkWLFyiDn4WQ=="],

    "hono": ["hono@4.9.10", "", {}, "sha512-AlI15ijFyKTXR7eHo7QK7OR4RoKIedZvBuRjO8iy4zrxvlY5oFCdiRG/V/lFJHCNXJ0k72ATgnyzx8Yqa5arug=="],
  }
}
