{
  "name": "nlib-api",
  "version": "1.0.0",
  "lockfileVersion": 3,
  "requires": true,
  "packages": {
    "": {
      "name": "nlib-api",
      "version": "1.0.0",
      "license": "GPL-3.0",
      "dependencies": {
        "@hono/node-server": "^1.19.5",
        "hono": "^4.9.10"
      }
    },
    "node_modules/@hono/node-server": {
      "version": "1.19.5",
      "resolved": "https://registry.npmjs.org/@hono/node-server/-/node-server-1.19.5.tgz",
      "integrity": "sha512-iBuhh+uaaggeAuf+TftcjZyWh2GEgZcVGXkNtskLVoWaXhnJtC5HLHrU8W1KHDoucqO1MswwglmkWLFyiDn4WQ==",
      "license": "MIT",
      "engines": {
        "node": ">=18.14.1"
      },
      "peerDependencies": {
        "hono": "^4"
      }
    },
    "node_modules/hono": {
      "version": "4.9.10",
      "resolved": "https://registry.npmjs.org/hono/-/hono-4.9.10.tgz",
      "integrity": "sha512-AlI15ijFyKTXR7eHo7QK7OR4RoKIedZvBuRjO8iy4zrxvlY5oFCdiRG/V/lFJHCNXJ0k72ATgnyzx8Yqa5arug==",
      "license": "MIT",
      "engines": {
        "node": ">=16.9.0"
      }
    }
  }
}
